{
  "nodes": {
    "nixpkgs": {
      "locked": {
        "lastModified": 1712791164,
        "narHash": "sha256-3sbWO1mbpWsLepZGbWaMovSO7ndZeFqDSdX0hZ9nVyw=",
        "owner": "nixos",
        "repo": "nixpkgs",
        "rev": "1042fd8b148a9105f3c0aca3a6177fd1d9360ba5",
        "type": "github"
      },
      "original": {
        "owner": "nixos",
        "ref": "nixos-unstable",
        "repo": "nixpkgs",
        "type": "github"
      }
    },
    "rhine": {
      "flake": false,
      "locked": {
        "lastModified": 1712762112,
        "narHash": "sha256-oDPzYkHuvVyuJuZWjM1HZphv1aqu4xJm2jvE0IilM6w=",
        "owner": "turion",
        "repo": "rhine",
        "rev": "719521683ed48bb75d2dd3745707cf1b632df7e5",
        "type": "github"
      },
      "original": {
        "owner": "turion",
        "ref": "dev_automata",
        "repo": "rhine",
        "type": "github"
      }
    },
    "root": {
      "inputs": {
        "nixpkgs": "nixpkgs",
        "rhine": "rhine"
      }
    }
  },
  "root": "root",
  "version": 7
}
