{
  "nodes": {
    "nixpkgs": {
      "locked": {
        "lastModified": 1711703276,
        "narHash": "sha256-iMUFArF0WCatKK6RzfUJknjem0H9m4KgorO/p3Dopkk=",
        "owner": "nixos",
        "repo": "nixpkgs",
        "rev": "d8fe5e6c92d0d190646fb9f1056741a229980089",
        "type": "github"
      },
      "original": {
        "owner": "nixos",
        "ref": "nixos-unstable",
        "repo": "nixpkgs",
        "type": "github"
      }
    },
    "rhine": {
      "flake": false,
      "locked": {
        "lastModified": 1711730499,
        "narHash": "sha256-gVtuzZo7mtQXX1rIDtpz0+N9BjDbrmglYEMLxRFaYcU=",
        "owner": "turion",
        "repo": "rhine",
        "rev": "e10d58852384daa1100f4f2e2ebb01848dc65ee7",
        "type": "github"
      },
      "original": {
        "owner": "turion",
        "ref": "dev_automata",
        "repo": "rhine",
        "type": "github"
      }
    },
    "root": {
      "inputs": {
        "nixpkgs": "nixpkgs",
        "rhine": "rhine"
      }
    }
  },
  "root": "root",
  "version": 7
}
