{
  "nodes": {
    "nixpkgs": {
      "locked": {
        "lastModified": 1712439257,
        "narHash": "sha256-aSpiNepFOMk9932HOax0XwNxbA38GOUVOiXfUVPOrck=",
        "owner": "nixos",
        "repo": "nixpkgs",
        "rev": "ff0dbd94265ac470dda06a657d5fe49de93b4599",
        "type": "github"
      },
      "original": {
        "owner": "nixos",
        "ref": "nixos-unstable",
        "repo": "nixpkgs",
        "type": "github"
      }
    },
    "rhine": {
      "flake": false,
      "locked": {
        "lastModified": 1711730499,
        "narHash": "sha256-gVtuzZo7mtQXX1rIDtpz0+N9BjDbrmglYEMLxRFaYcU=",
        "owner": "turion",
        "repo": "rhine",
        "rev": "e10d58852384daa1100f4f2e2ebb01848dc65ee7",
        "type": "github"
      },
      "original": {
        "owner": "turion",
        "ref": "dev_automata",
        "repo": "rhine",
        "type": "github"
      }
    },
    "root": {
      "inputs": {
        "nixpkgs": "nixpkgs",
        "rhine": "rhine"
      }
    }
  },
  "root": "root",
  "version": 7
}
